
Microsoft Visual Studio Solution File, Format Version 12.00
# Visual Studio 15
VisualStudioVersion = 15.0.27130.2026
MinimumVisualStudioVersion = 10.0.40219.1
Project("{FAE04EC0-301F-11D3-BF4B-00C04F79EFBC}") = "WebCamGallery", "WebCamGallery\WebCamGallery.csproj", "{FCD47309-E3BD-44B1-88C0-5F9BA5DC34DF}"
EndProject
Project("{E53339B2-1760-4266-BCC7-CA923CBCF16C}") = "docker-compose", "docker-compose.dcproj", "{CD59867A-46AF-46E0-B0B1-DEC2077F89D8}"
EndProject
Global
	GlobalSection(SolutionConfigurationPlatforms) = preSolution
		Debug|Any CPU = Debug|Any CPU
		Release|Any CPU = Release|Any CPU
	EndGlobalSection
	GlobalSection(ProjectConfigurationPlatforms) = postSolution
		{FCD47309-E3BD-44B1-88C0-5F9BA5DC34DF}.Debug|Any CPU.ActiveCfg = Debug|Any CPU
		{FCD47309-E3BD-44B1-88C0-5F9BA5DC34DF}.Debug|Any CPU.Build.0 = Debug|Any CPU
		{FCD47309-E3BD-44B1-88C0-5F9BA5DC34DF}.Release|Any CPU.ActiveCfg = Release|Any CPU
		{FCD47309-E3BD-44B1-88C0-5F9BA5DC34DF}.Release|Any CPU.Build.0 = Release|Any CPU
		{CD59867A-46AF-46E0-B0B1-DEC2077F89D8}.Debug|Any CPU.ActiveCfg = Debug|Any CPU
		{CD59867A-46AF-46E0-B0B1-DEC2077F89D8}.Release|Any CPU.ActiveCfg = Release|Any CPU
		{CD59867A-46AF-46E0-B0B1-DEC2077F89D8}.Release|Any CPU.Build.0 = Release|Any CPU
	EndGlobalSection
	GlobalSection(SolutionProperties) = preSolution
		HideSolutionNode = FALSE
	EndGlobalSection
	GlobalSection(ExtensibilityGlobals) = postSolution
		SolutionGuid = {A7E28F3F-ACB7-4B3B-9F8B-38D8196D0AD7}
	EndGlobalSection
EndGlobal
